
Microsoft Visual Studio Solution File, Format Version 11.00
# Visual Studio 2010 Express for Windows Phone
Project("{FAE04EC0-301F-11D3-BF4B-00C04F79EFBC}") = "BR", "BR\BR.csproj", "{EAE7EC29-1C55-480D-8E7C-410475845E1C}"
EndProject
Global
	GlobalSection(SolutionConfigurationPlatforms) = preSolution
		Debug|Any CPU = Debug|Any CPU
		Release|Any CPU = Release|Any CPU
	EndGlobalSection
	GlobalSection(ProjectConfigurationPlatforms) = postSolution
		{EAE7EC29-1C55-480D-8E7C-410475845E1C}.Debug|Any CPU.ActiveCfg = Debug|Any CPU
		{EAE7EC29-1C55-480D-8E7C-410475845E1C}.Debug|Any CPU.Build.0 = Debug|Any CPU
		{EAE7EC29-1C55-480D-8E7C-410475845E1C}.Debug|Any CPU.Deploy.0 = Debug|Any CPU
		{EAE7EC29-1C55-480D-8E7C-410475845E1C}.Release|Any CPU.ActiveCfg = Release|Any CPU
		{EAE7EC29-1C55-480D-8E7C-410475845E1C}.Release|Any CPU.Build.0 = Release|Any CPU
		{EAE7EC29-1C55-480D-8E7C-410475845E1C}.Release|Any CPU.Deploy.0 = Release|Any CPU
	EndGlobalSection
	GlobalSection(SolutionProperties) = preSolution
		HideSolutionNode = FALSE
	EndGlobalSection
EndGlobal
